
Microsoft Visual Studio Solution File, Format Version 12.00
# Visual Studio Version 17
VisualStudioVersion = 17.8.34316.72
MinimumVisualStudioVersion = 10.0.40219.1
Project("{FAE04EC0-301F-11D3-BF4B-00C04F79EFBC}") = "GA_BinarySearch_EdnaLynnLaxa", "GA_BinarySearch_EdnaLynnLaxa.csproj", "{A911246F-3C69-4761-9EE5-EE700B85796B}"
EndProject
Global
	GlobalSection(SolutionConfigurationPlatforms) = preSolution
		Debug|Any CPU = Debug|Any CPU
		Release|Any CPU = Release|Any CPU
	EndGlobalSection
	GlobalSection(ProjectConfigurationPlatforms) = postSolution
		{A911246F-3C69-4761-9EE5-EE700B85796B}.Debug|Any CPU.ActiveCfg = Debug|Any CPU
		{A911246F-3C69-4761-9EE5-EE700B85796B}.Debug|Any CPU.Build.0 = Debug|Any CPU
		{A911246F-3C69-4761-9EE5-EE700B85796B}.Release|Any CPU.ActiveCfg = Release|Any CPU
		{A911246F-3C69-4761-9EE5-EE700B85796B}.Release|Any CPU.Build.0 = Release|Any CPU
	EndGlobalSection
	GlobalSection(SolutionProperties) = preSolution
		HideSolutionNode = FALSE
	EndGlobalSection
	GlobalSection(ExtensibilityGlobals) = postSolution
		SolutionGuid = {3E833F99-73AA-49CB-A8BF-F1A29A478877}
	EndGlobalSection
EndGlobal
